{
  "version": 4,
  "terraform_version": "1.8.3",
  "serial": 5,
  "lineage": "e9a24683-f2b7-02c7-730f-9d1c25bfdbce",
  "outputs": {},
  "resources": [
    {
      "mode": "managed",
      "type": "yandex_compute_disk",
      "name": "default",
      "provider": "provider[\"registry.terraform.io/yandex-cloud/yandex\"]",
      "instances": [
        {
          "schema_version": 0,
          "attributes": {
            "allow_recreate": null,
            "block_size": 4096,
            "created_at": "2024-06-27T09:35:53Z",
            "description": "",
            "disk_placement_policy": [
              {
                "disk_placement_group_id": ""
              }
            ],
            "folder_id": "b1gar1tegluo2aeadi32",
            "id": "fhm7or9m7e6k1pfpj1kk",
            "image_id": "fd83s8u085j3mq231ago",
            "labels": {
              "environment": "test"
            },
            "name": "disk-name",
            "product_ids": [
              "f2eth1eavhqoh47mqj08"
            ],
            "size": 150,
            "snapshot_id": "",
            "status": "ready",
            "timeouts": null,
            "type": "network-ssd",
            "zone": "ru-central1-a"
          },
          "sensitive_attributes": [],
          "private": "eyJlMmJmYjczMC1lY2FhLTExZTYtOGY4OC0zNDM2M2JjN2M0YzAiOnsiY3JlYXRlIjozMDAwMDAwMDAwMDAsImRlbGV0ZSI6MzAwMDAwMDAwMDAwLCJ1cGRhdGUiOjMwMDAwMDAwMDAwMH19"
        }
      ]
    },
    {
      "mode": "managed",
      "type": "yandex_compute_instance",
      "name": "default",
      "provider": "provider[\"registry.terraform.io/yandex-cloud/yandex\"]",
      "instances": [
        {
          "schema_version": 1,
          "attributes": {
            "allow_recreate": null,
            "allow_stopping_for_update": null,
            "boot_disk": [
              {
                "auto_delete": true,
                "device_name": "fhm7or9m7e6k1pfpj1kk",
                "disk_id": "fhm7or9m7e6k1pfpj1kk",
                "initialize_params": [
                  {
                    "block_size": 4096,
                    "description": "",
                    "image_id": "fd83s8u085j3mq231ago",
                    "name": "disk-name",
                    "size": 150,
                    "snapshot_id": "",
                    "type": "network-ssd"
                  }
                ],
                "mode": "READ_WRITE"
              }
            ],
            "created_at": "2024-06-27T09:36:05Z",
            "description": "",
            "filesystem": [],
            "folder_id": "b1gar1tegluo2aeadi32",
            "fqdn": "fhmp62la3j1qgjjhc0pk.auto.internal",
            "gpu_cluster_id": "",
            "hostname": "",
            "id": "fhmp62la3j1qgjjhc0pk",
            "labels": null,
            "local_disk": [],
            "maintenance_grace_period": "",
            "maintenance_policy": null,
            "metadata": {
              "ssh-keys": "ubuntu:ssh-rsa AAAAB3NzaC1yc2EAAAADAQABAAABgQCp5IHsbxcz8PrfkEYNIBUiGsmdEK5/Mg30wGfymwN+PVNERooWmLMnW4o2Lmo+fvtkO77Owk+6wDRjXk0MqUqFsfZY96emkFvQmYjqZHL7xhxRqul+AwExZYs16KYnlKQX40D2OhUXCdFFWPJj2qxFGJ8eh0Bg5ljR9vhGuqFFGmemh5UWkuY/WAbMd9u2gsCOZJF4qZpvL1FCxU9kq+9p1Q6SiF16EEQKUGLriYfQJ5aUbigqQnct2UTBo4ZG4B9xD4cjUKRtv/BqtT1vdCq6JI1mbaWz0UdwdHpsBb9JZVUT3Cki8G9/9OJDLq8FrHwbY14OL5pwYcIBVaKIu1++7aWxgcnbhob6xW5ecZ+ZEJm9Wps5t8K8qhMwWCgTN3FDviJdQDyJf5t8OYtmLBXCxFxJ9r90yxqHljpEWtALm+hhPdLLxDcesbgJQG6y1ZcXvd+e076359EsMpYO/Fvar7jRpRwFMWo9vuc1Ss/zUfLOCAx7jNujRBxrT76IMX0= ishchts@MacBook-Pro-Ila\n"
            },
            "metadata_options": [
              {
                "aws_v1_http_endpoint": 1,
                "aws_v1_http_token": 2,
                "gce_http_endpoint": 1,
                "gce_http_token": 1
              }
            ],
            "name": "test",
            "network_acceleration_type": "standard",
            "network_interface": [
              {
                "dns_record": [],
                "index": 0,
                "ip_address": "10.5.0.33",
                "ipv4": true,
                "ipv6": false,
                "ipv6_address": "",
                "ipv6_dns_record": [],
                "mac_address": "d0:0d:19:30:aa:a1",
                "nat": false,
                "nat_dns_record": [],
                "nat_ip_address": "",
                "nat_ip_version": "",
                "security_group_ids": [],
                "subnet_id": "e9bvd72ite20rgdgqn37"
              }
            ],
            "placement_policy": [
              {
                "host_affinity_rules": [],
                "placement_group_id": "",
                "placement_group_partition": 0
              }
            ],
            "platform_id": "standard-v1",
            "resources": [
              {
                "core_fraction": 100,
                "cores": 2,
                "gpus": 0,
                "memory": 4
              }
            ],
            "scheduling_policy": [
              {
                "preemptible": false
              }
            ],
            "secondary_disk": [],
            "service_account_id": "",
            "status": "running",
            "timeouts": null,
            "zone": "ru-central1-a"
          },
          "sensitive_attributes": [],
          "private": "eyJlMmJmYjczMC1lY2FhLTExZTYtOGY4OC0zNDM2M2JjN2M0YzAiOnsiY3JlYXRlIjozMDAwMDAwMDAwMDAsImRlbGV0ZSI6MzAwMDAwMDAwMDAwLCJ1cGRhdGUiOjMwMDAwMDAwMDAwMH0sInNjaGVtYV92ZXJzaW9uIjoiMSJ9",
          "dependencies": [
            "yandex_compute_disk.default",
            "yandex_vpc_network.default",
            "yandex_vpc_subnet.default"
          ]
        }
      ]
    },
    {
      "mode": "managed",
      "type": "yandex_vpc_network",
      "name": "default",
      "provider": "provider[\"registry.terraform.io/yandex-cloud/yandex\"]",
      "instances": [
        {
          "schema_version": 0,
          "attributes": {
            "created_at": "2024-06-27T09:35:53Z",
            "default_security_group_id": "enp8p4gs74ffrvft3eck",
            "description": "",
            "folder_id": "b1gar1tegluo2aeadi32",
            "id": "enpv6pe9aouraaphv2e2",
            "labels": {},
            "name": "",
            "subnet_ids": [],
            "timeouts": null
          },
          "sensitive_attributes": [],
          "private": "eyJlMmJmYjczMC1lY2FhLTExZTYtOGY4OC0zNDM2M2JjN2M0YzAiOnsiY3JlYXRlIjo2MDAwMDAwMDAwMCwiZGVsZXRlIjo2MDAwMDAwMDAwMCwidXBkYXRlIjo2MDAwMDAwMDAwMH19"
        }
      ]
    },
    {
      "mode": "managed",
      "type": "yandex_vpc_subnet",
      "name": "default",
      "provider": "provider[\"registry.terraform.io/yandex-cloud/yandex\"]",
      "instances": [
        {
          "schema_version": 0,
          "attributes": {
            "created_at": "2024-06-27T09:35:55Z",
            "description": "",
            "dhcp_options": [],
            "folder_id": "b1gar1tegluo2aeadi32",
            "id": "e9bvd72ite20rgdgqn37",
            "labels": {},
            "name": "",
            "network_id": "enpv6pe9aouraaphv2e2",
            "route_table_id": "",
            "timeouts": null,
            "v4_cidr_blocks": [
              "10.5.0.0/24"
            ],
            "v6_cidr_blocks": [],
            "zone": "ru-central1-a"
          },
          "sensitive_attributes": [],
          "private": "eyJlMmJmYjczMC1lY2FhLTExZTYtOGY4OC0zNDM2M2JjN2M0YzAiOnsiY3JlYXRlIjoxODAwMDAwMDAwMDAsImRlbGV0ZSI6MTgwMDAwMDAwMDAwLCJ1cGRhdGUiOjE4MDAwMDAwMDAwMH19",
          "dependencies": [
            "yandex_vpc_network.default"
          ]
        }
      ]
    }
  ],
  "check_results": null
}
